// !$*UTF8*$!
{
	archiveVersion = 1;
	classes = {
	};
	objectVersion = 46;
	objects = {

/* Begin PBXBuildFile section */
		760BDA5818ABDB6100629875 /* Foundation.framework in Frameworks */ = {isa = PBXBuildFile; fileRef = 760BDA5718ABDB6100629875 /* Foundation.framework */; };
		760BDA5A18ABDB6100629875 /* CoreGraphics.framework in Frameworks */ = {isa = PBXBuildFile; fileRef = 760BDA5918ABDB6100629875 /* CoreGraphics.framework */; };
		760BDA5C18ABDB6100629875 /* UIKit.framework in Frameworks */ = {isa = PBXBuildFile; fileRef = 760BDA5B18ABDB6100629875 /* UIKit.framework */; };
		760BDA6218ABDB6100629875 /* InfoPlist.strings in Resources */ = {isa = PBXBuildFile; fileRef = 760BDA6018ABDB6100629875 /* InfoPlist.strings */; };
		760BDA6418ABDB6100629875 /* main.m in Sources */ = {isa = PBXBuildFile; fileRef = 760BDA6318ABDB6100629875 /* main.m */; };
		760BDA6818ABDB6100629875 /* AppDelegate.m in Sources */ = {isa = PBXBuildFile; fileRef = 760BDA6718ABDB6100629875 /* AppDelegate.m */; };
		760BDA6B18ABDB6100629875 /* Main.storyboard in Resources */ = {isa = PBXBuildFile; fileRef = 760BDA6918ABDB6100629875 /* Main.storyboard */; };
		760BDA6E18ABDB6100629875 /* ViewController.m in Sources */ = {isa = PBXBuildFile; fileRef = 760BDA6D18ABDB6100629875 /* ViewController.m */; };
		760BDA7018ABDB6100629875 /* Images.xcassets in Resources */ = {isa = PBXBuildFile; fileRef = 760BDA6F18ABDB6100629875 /* Images.xcassets */; };
		760BDA7718ABDB6100629875 /* XCTest.framework in Frameworks */ = {isa = PBXBuildFile; fileRef = 760BDA7618ABDB6100629875 /* XCTest.framework */; };
		760BDA7818ABDB6100629875 /* Foundation.framework in Frameworks */ = {isa = PBXBuildFile; fileRef = 760BDA5718ABDB6100629875 /* Foundation.framework */; };
		760BDA7918ABDB6100629875 /* UIKit.framework in Frameworks */ = {isa = PBXBuildFile; fileRef = 760BDA5B18ABDB6100629875 /* UIKit.framework */; };
		760BDA8118ABDB6100629875 /* InfoPlist.strings in Resources */ = {isa = PBXBuildFile; fileRef = 760BDA7F18ABDB6100629875 /* InfoPlist.strings */; };
		760BDA8318ABDB6100629875 /* MediumRectangleAdsTests.m in Sources */ = {isa = PBXBuildFile; fileRef = 760BDA8218ABDB6100629875 /* MediumRectangleAdsTests.m */; };
		760BDA8D18ABDCC100629875 /* iAd.framework in Frameworks */ = {isa = PBXBuildFile; fileRef = 760BDA8C18ABDCC100629875 /* iAd.framework */; };
/* End PBXBuildFile section */

/* Begin PBXContainerItemProxy section */
		760BDA7A18ABDB6100629875 /* PBXContainerItemProxy */ = {
			isa = PBXContainerItemProxy;
			containerPortal = 760BDA4C18ABDB6100629875 /* Project object */;
			proxyType = 1;
			remoteGlobalIDString = 760BDA5318ABDB6100629875;
			remoteInfo = MediumRectangleAds;
		};
/* End PBXContainerItemProxy section */

/* Begin PBXFileReference section */
		760BDA5418ABDB6100629875 /* MediumRectangleAds.app */ = {isa = PBXFileReference; explicitFileType = wrapper.application; includeInIndex = 0; path = MediumRectangleAds.app; sourceTree = BUILT_PRODUCTS_DIR; };
		760BDA5718ABDB6100629875 /* Foundation.framework */ = {isa = PBXFileReference; lastKnownFileType = wrapper.framework; name = Foundation.framework; path = System/Library/Frameworks/Foundation.framework; sourceTree = SDKROOT; };
		760BDA5918ABDB6100629875 /* CoreGraphics.framework */ = {isa = PBXFileReference; lastKnownFileType = wrapper.framework; name = CoreGraphics.framework; path = System/Library/Frameworks/CoreGraphics.framework; sourceTree = SDKROOT; };
		760BDA5B18ABDB6100629875 /* UIKit.framework */ = {isa = PBXFileReference; lastKnownFileType = wrapper.framework; name = UIKit.framework; path = System/Library/Frameworks/UIKit.framework; sourceTree = SDKROOT; };
		760BDA5F18ABDB6100629875 /* MediumRectangleAds-Info.plist */ = {isa = PBXFileReference; lastKnownFileType = text.plist.xml; path = "MediumRectangleAds-Info.plist"; sourceTree = "<group>"; };
		760BDA6118ABDB6100629875 /* en */ = {isa = PBXFileReference; lastKnownFileType = text.plist.strings; name = en; path = en.lproj/InfoPlist.strings; sourceTree = "<group>"; };
		760BDA6318ABDB6100629875 /* main.m */ = {isa = PBXFileReference; lastKnownFileType = sourcecode.c.objc; path = main.m; sourceTree = "<group>"; };
		760BDA6518ABDB6100629875 /* MediumRectangleAds-Prefix.pch */ = {isa = PBXFileReference; lastKnownFileType = sourcecode.c.h; path = "MediumRectangleAds-Prefix.pch"; sourceTree = "<group>"; };
		760BDA6618ABDB6100629875 /* AppDelegate.h */ = {isa = PBXFileReference; lastKnownFileType = sourcecode.c.h; path = AppDelegate.h; sourceTree = "<group>"; };
		760BDA6718ABDB6100629875 /* AppDelegate.m */ = {isa = PBXFileReference; lastKnownFileType = sourcecode.c.objc; path = AppDelegate.m; sourceTree = "<group>"; };
		760BDA6A18ABDB6100629875 /* Base */ = {isa = PBXFileReference; lastKnownFileType = file.storyboard; name = Base; path = Base.lproj/Main.storyboard; sourceTree = "<group>"; };
		760BDA6C18ABDB6100629875 /* ViewController.h */ = {isa = PBXFileReference; lastKnownFileType = sourcecode.c.h; path = ViewController.h; sourceTree = "<group>"; };
		760BDA6D18ABDB6100629875 /* ViewController.m */ = {isa = PBXFileReference; lastKnownFileType = sourcecode.c.objc; path = ViewController.m; sourceTree = "<group>"; };
		760BDA6F18ABDB6100629875 /* Images.xcassets */ = {isa = PBXFileReference; lastKnownFileType = folder.assetcatalog; path = Images.xcassets; sourceTree = "<group>"; };
		760BDA7518ABDB6100629875 /* MediumRectangleAdsTests.xctest */ = {isa = PBXFileReference; explicitFileType = wrapper.cfbundle; includeInIndex = 0; path = MediumRectangleAdsTests.xctest; sourceTree = BUILT_PRODUCTS_DIR; };
		760BDA7618ABDB6100629875 /* XCTest.framework */ = {isa = PBXFileReference; lastKnownFileType = wrapper.framework; name = XCTest.framework; path = Library/Frameworks/XCTest.framework; sourceTree = DEVELOPER_DIR; };
		760BDA7E18ABDB6100629875 /* MediumRectangleAdsTests-Info.plist */ = {isa = PBXFileReference; lastKnownFileType = text.plist.xml; path = "MediumRectangleAdsTests-Info.plist"; sourceTree = "<group>"; };
		760BDA8018ABDB6100629875 /* en */ = {isa = PBXFileReference; lastKnownFileType = text.plist.strings; name = en; path = en.lproj/InfoPlist.strings; sourceTree = "<group>"; };
		760BDA8218ABDB6100629875 /* MediumRectangleAdsTests.m */ = {isa = PBXFileReference; lastKnownFileType = sourcecode.c.objc; path = MediumRectangleAdsTests.m; sourceTree = "<group>"; };
		760BDA8C18ABDCC100629875 /* iAd.framework */ = {isa = PBXFileReference; lastKnownFileType = wrapper.framework; name = iAd.framework; path = System/Library/Frameworks/iAd.framework; sourceTree = SDKROOT; };
/* End PBXFileReference section */

/* Begin PBXFrameworksBuildPhase section */
		760BDA5118ABDB6100629875 /* Frameworks */ = {
			isa = PBXFrameworksBuildPhase;
			buildActionMask = 2147483647;
			files = (
				760BDA8D18ABDCC100629875 /* iAd.framework in Frameworks */,
				760BDA5A18ABDB6100629875 /* CoreGraphics.framework in Frameworks */,
				760BDA5C18ABDB6100629875 /* UIKit.framework in Frameworks */,
				760BDA5818ABDB6100629875 /* Foundation.framework in Frameworks */,
			);
			runOnlyForDeploymentPostprocessing = 0;
		};
		760BDA7218ABDB6100629875 /* Frameworks */ = {
			isa = PBXFrameworksBuildPhase;
			buildActionMask = 2147483647;
			files = (
				760BDA7718ABDB6100629875 /* XCTest.framework in Frameworks */,
				760BDA7918ABDB6100629875 /* UIKit.framework in Frameworks */,
				760BDA7818ABDB6100629875 /* Foundation.framework in Frameworks */,
			);
			runOnlyForDeploymentPostprocessing = 0;
		};
/* End PBXFrameworksBuildPhase section */

/* Begin PBXGroup section */
		760BDA4B18ABDB6100629875 = {
			isa = PBXGroup;
			children = (
				760BDA5D18ABDB6100629875 /* MediumRectangleAds */,
				760BDA7C18ABDB6100629875 /* MediumRectangleAdsTests */,
				760BDA5618ABDB6100629875 /* Frameworks */,
				760BDA5518ABDB6100629875 /* Products */,
			);
			sourceTree = "<group>";
		};
		760BDA5518ABDB6100629875 /* Products */ = {
			isa = PBXGroup;
			children = (
				760BDA5418ABDB6100629875 /* MediumRectangleAds.app */,
				760BDA7518ABDB6100629875 /* MediumRectangleAdsTests.xctest */,
			);
			name = Products;
			sourceTree = "<group>";
		};
		760BDA5618ABDB6100629875 /* Frameworks */ = {
			isa = PBXGroup;
			children = (
				760BDA8C18ABDCC100629875 /* iAd.framework */,
				760BDA5718ABDB6100629875 /* Foundation.framework */,
				760BDA5918ABDB6100629875 /* CoreGraphics.framework */,
				760BDA5B18ABDB6100629875 /* UIKit.framework */,
				760BDA7618ABDB6100629875 /* XCTest.framework */,
			);
			name = Frameworks;
			sourceTree = "<group>";
		};
		760BDA5D18ABDB6100629875 /* MediumRectangleAds */ = {
			isa = PBXGroup;
			children = (
				760BDA6618ABDB6100629875 /* AppDelegate.h */,
				760BDA6718ABDB6100629875 /* AppDelegate.m */,
				760BDA6918ABDB6100629875 /* Main.storyboard */,
				760BDA6C18ABDB6100629875 /* ViewController.h */,
				760BDA6D18ABDB6100629875 /* ViewController.m */,
				760BDA6F18ABDB6100629875 /* Images.xcassets */,
				760BDA5E18ABDB6100629875 /* Supporting Files */,
			);
			path = MediumRectangleAds;
			sourceTree = "<group>";
		};
		760BDA5E18ABDB6100629875 /* Supporting Files */ = {
			isa = PBXGroup;
			children = (
				760BDA5F18ABDB6100629875 /* MediumRectangleAds-Info.plist */,
				760BDA6018ABDB6100629875 /* InfoPlist.strings */,
				760BDA6318ABDB6100629875 /* main.m */,
				760BDA6518ABDB6100629875 /* MediumRectangleAds-Prefix.pch */,
			);
			name = "Supporting Files";
			sourceTree = "<group>";
		};
		760BDA7C18ABDB6100629875 /* MediumRectangleAdsTests */ = {
			isa = PBXGroup;
			children = (
				760BDA8218ABDB6100629875 /* MediumRectangleAdsTests.m */,
				760BDA7D18ABDB6100629875 /* Supporting Files */,
			);
			path = MediumRectangleAdsTests;
			sourceTree = "<group>";
		};
		760BDA7D18ABDB6100629875 /* Supporting Files */ = {
			isa = PBXGroup;
			children = (
				760BDA7E18ABDB6100629875 /* MediumRectangleAdsTests-Info.plist */,
				760BDA7F18ABDB6100629875 /* InfoPlist.strings */,
			);
			name = "Supporting Files";
			sourceTree = "<group>";
		};
/* End PBXGroup section */

/* Begin PBXNativeTarget section */
		760BDA5318ABDB6100629875 /* MediumRectangleAds */ = {
			isa = PBXNativeTarget;
			buildConfigurationList = 760BDA8618ABDB6100629875 /* Build configuration list for PBXNativeTarget "MediumRectangleAds" */;
			buildPhases = (
				760BDA5018ABDB6100629875 /* Sources */,
				760BDA5118ABDB6100629875 /* Frameworks */,
				760BDA5218ABDB6100629875 /* Resources */,
			);
			buildRules = (
			);
			dependencies = (
			);
			name = MediumRectangleAds;
			productName = MediumRectangleAds;
			productReference = 760BDA5418ABDB6100629875 /* MediumRectangleAds.app */;
			productType = "com.apple.product-type.application";
		};
		760BDA7418ABDB6100629875 /* MediumRectangleAdsTests */ = {
			isa = PBXNativeTarget;
			buildConfigurationList = 760BDA8918ABDB6100629875 /* Build configuration list for PBXNativeTarget "MediumRectangleAdsTests" */;
			buildPhases = (
				760BDA7118ABDB6100629875 /* Sources */,
				760BDA7218ABDB6100629875 /* Frameworks */,
				760BDA7318ABDB6100629875 /* Resources */,
			);
			buildRules = (
			);
			dependencies = (
				760BDA7B18ABDB6100629875 /* PBXTargetDependency */,
			);
			name = MediumRectangleAdsTests;
			productName = MediumRectangleAdsTests;
			productReference = 760BDA7518ABDB6100629875 /* MediumRectangleAdsTests.xctest */;
			productType = "com.apple.product-type.bundle.unit-test";
		};
/* End PBXNativeTarget section */

/* Begin PBXProject section */
		760BDA4C18ABDB6100629875 /* Project object */ = {
			isa = PBXProject;
			attributes = {
				LastUpgradeCheck = 0500;
				ORGANIZATIONNAME = limalogy;
				TargetAttributes = {
					760BDA7418ABDB6100629875 = {
						TestTargetID = 760BDA5318ABDB6100629875;
					};
				};
			};
			buildConfigurationList = 760BDA4F18ABDB6100629875 /* Build configuration list for PBXProject "MediumRectangleAds" */;
			compatibilityVersion = "Xcode 3.2";
			developmentRegion = English;
			hasScannedForEncodings = 0;
			knownRegions = (
				en,
				Base,
			);
			mainGroup = 760BDA4B18ABDB6100629875;
			productRefGroup = 760BDA5518ABDB6100629875 /* Products */;
			projectDirPath = "";
			projectRoot = "";
			targets = (
				760BDA5318ABDB6100629875 /* MediumRectangleAds */,
				760BDA7418ABDB6100629875 /* MediumRectangleAdsTests */,
			);
		};
/* End PBXProject section */

/* Begin PBXResourcesBuildPhase section */
		760BDA5218ABDB6100629875 /* Resources */ = {
			isa = PBXResourcesBuildPhase;
			buildActionMask = 2147483647;
			files = (
				760BDA7018ABDB6100629875 /* Images.xcassets in Resources */,
				760BDA6218ABDB6100629875 /* InfoPlist.strings in Resources */,
				760BDA6B18ABDB6100629875 /* Main.storyboard in Resources */,
			);
			runOnlyForDeploymentPostprocessing = 0;
		};
		760BDA7318ABDB6100629875 /* Resources */ = {
			isa = PBXResourcesBuildPhase;
			buildActionMask = 2147483647;
			files = (
				760BDA8118ABDB6100629875 /* InfoPlist.strings in Resources */,
			);
			runOnlyForDeploymentPostprocessing = 0;
		};
/* End PBXResourcesBuildPhase section */

/* Begin PBXSourcesBuildPhase section */
		760BDA5018ABDB6100629875 /* Sources */ = {
			isa = PBXSourcesBuildPhase;
			buildActionMask = 2147483647;
			files = (
				760BDA6E18ABDB6100629875 /* ViewController.m in Sources */,
				760BDA6818ABDB6100629875 /* AppDelegate.m in Sources */,
				760BDA6418ABDB6100629875 /* main.m in Sources */,
			);
			runOnlyForDeploymentPostprocessing = 0;
		};
		760BDA7118ABDB6100629875 /* Sources */ = {
			isa = PBXSourcesBuildPhase;
			buildActionMask = 2147483647;
			files = (
				760BDA8318ABDB6100629875 /* MediumRectangleAdsTests.m in Sources */,
			);
			runOnlyForDeploymentPostprocessing = 0;
		};
/* End PBXSourcesBuildPhase section */

/* Begin PBXTargetDependency section */
		760BDA7B18ABDB6100629875 /* PBXTargetDependency */ = {
			isa = PBXTargetDependency;
			target = 760BDA5318ABDB6100629875 /* MediumRectangleAds */;
			targetProxy = 760BDA7A18ABDB6100629875 /* PBXContainerItemProxy */;
		};
/* End PBXTargetDependency section */

/* Begin PBXVariantGroup section */
		760BDA6018ABDB6100629875 /* InfoPlist.strings */ = {
			isa = PBXVariantGroup;
			children = (
				760BDA6118ABDB6100629875 /* en */,
			);
			name = InfoPlist.strings;
			sourceTree = "<group>";
		};
		760BDA6918ABDB6100629875 /* Main.storyboard */ = {
			isa = PBXVariantGroup;
			children = (
				760BDA6A18ABDB6100629875 /* Base */,
			);
			name = Main.storyboard;
			sourceTree = "<group>";
		};
		760BDA7F18ABDB6100629875 /* InfoPlist.strings */ = {
			isa = PBXVariantGroup;
			children = (
				760BDA8018ABDB6100629875 /* en */,
			);
			name = InfoPlist.strings;
			sourceTree = "<group>";
		};
/* End PBXVariantGroup section */

/* Begin XCBuildConfiguration section */
		760BDA8418ABDB6100629875 /* Debug */ = {
			isa = XCBuildConfiguration;
			buildSettings = {
				ALWAYS_SEARCH_USER_PATHS = NO;
				ARCHS = "$(ARCHS_STANDARD_INCLUDING_64_BIT)";
				CLANG_CXX_LANGUAGE_STANDARD = "gnu++0x";
				CLANG_CXX_LIBRARY = "libc++";
				CLANG_ENABLE_MODULES = YES;
				CLANG_ENABLE_OBJC_ARC = YES;
				CLANG_WARN_BOOL_CONVERSION = YES;
				CLANG_WARN_CONSTANT_CONVERSION = YES;
				CLANG_WARN_DIRECT_OBJC_ISA_USAGE = YES_ERROR;
				CLANG_WARN_EMPTY_BODY = YES;
				CLANG_WARN_ENUM_CONVERSION = YES;
				CLANG_WARN_INT_CONVERSION = YES;
				CLANG_WARN_OBJC_ROOT_CLASS = YES_ERROR;
				CLANG_WARN__DUPLICATE_METHOD_MATCH = YES;
				"CODE_SIGN_IDENTITY[sdk=iphoneos*]" = "iPhone Developer";
				COPY_PHASE_STRIP = NO;
				GCC_C_LANGUAGE_STANDARD = gnu99;
				GCC_DYNAMIC_NO_PIC = NO;
				GCC_OPTIMIZATION_LEVEL = 0;
				GCC_PREPROCESSOR_DEFINITIONS = (
					"DEBUG=1",
					"$(inherited)",
				);
				GCC_SYMBOLS_PRIVATE_EXTERN = NO;
				GCC_WARN_64_TO_32_BIT_CONVERSION = YES;
				GCC_WARN_ABOUT_RETURN_TYPE = YES_ERROR;
				GCC_WARN_UNDECLARED_SELECTOR = YES;
				GCC_WARN_UNINITIALIZED_AUTOS = YES;
				GCC_WARN_UNUSED_FUNCTION = YES;
				GCC_WARN_UNUSED_VARIABLE = YES;
				IPHONEOS_DEPLOYMENT_TARGET = 7.0;
				ONLY_ACTIVE_ARCH = YES;
				SDKROOT = iphoneos;
				TARGETED_DEVICE_FAMILY = 2;
			};
			name = Debug;
		};
		760BDA8518ABDB6100629875 /* Release */ = {
			isa = XCBuildConfiguration;
			buildSettings = {
				ALWAYS_SEARCH_USER_PATHS = NO;
				ARCHS = "$(ARCHS_STANDARD_INCLUDING_64_BIT)";
				CLANG_CXX_LANGUAGE_STANDARD = "gnu++0x";
				CLANG_CXX_LIBRARY = "libc++";
				CLANG_ENABLE_MODULES = YES;
				CLANG_ENABLE_OBJC_ARC = YES;
				CLANG_WARN_BOOL_CONVERSION = YES;
				CLANG_WARN_CONSTANT_CONVERSION = YES;
				CLANG_WARN_DIRECT_OBJC_ISA_USAGE = YES_ERROR;
				CLANG_WARN_EMPTY_BODY = YES;
				CLANG_WARN_ENUM_CONVERSION = YES;
				CLANG_WARN_INT_CONVERSION = YES;
				CLANG_WARN_OBJC_ROOT_CLASS = YES_ERROR;
				CLANG_WARN__DUPLICATE_METHOD_MATCH = YES;
				"CODE_SIGN_IDENTITY[sdk=iphoneos*]" = "iPhone Developer";
				COPY_PHASE_STRIP = YES;
				ENABLE_NS_ASSERTIONS = NO;
				GCC_C_LANGUAGE_STANDARD = gnu99;
				GCC_WARN_64_TO_32_BIT_CONVERSION = YES;
				GCC_WARN_ABOUT_RETURN_TYPE = YES_ERROR;
				GCC_WARN_UNDECLARED_SELECTOR = YES;
				GCC_WARN_UNINITIALIZED_AUTOS = YES;
				GCC_WARN_UNUSED_FUNCTION = YES;
				GCC_WARN_UNUSED_VARIABLE = YES;
				IPHONEOS_DEPLOYMENT_TARGET = 7.0;
				SDKROOT = iphoneos;
				TARGETED_DEVICE_FAMILY = 2;
				VALIDATE_PRODUCT = YES;
			};
			name = Release;
		};
		760BDA8718ABDB6100629875 /* Debug */ = {
			isa = XCBuildConfiguration;
			buildSettings = {
				ASSETCATALOG_COMPILER_APPICON_NAME = AppIcon;
				ASSETCATALOG_COMPILER_LAUNCHIMAGE_NAME = LaunchImage;
				GCC_PRECOMPILE_PREFIX_HEADER = YES;
				GCC_PREFIX_HEADER = "MediumRectangleAds/MediumRectangleAds-Prefix.pch";
				INFOPLIST_FILE = "MediumRectangleAds/MediumRectangleAds-Info.plist";
				IPHONEOS_DEPLOYMENT_TARGET = 6.0;
				PRODUCT_NAME = "$(TARGET_NAME)";
				WRAPPER_EXTENSION = app;
			};
			name = Debug;
		};
		760BDA8818ABDB6100629875 /* Release */ = {
			isa = XCBuildConfiguration;
			buildSettings = {
				ASSETCATALOG_COMPILER_APPICON_NAME = AppIcon;
				ASSETCATALOG_COMPILER_LAUNCHIMAGE_NAME = LaunchImage;
				GCC_PRECOMPILE_PREFIX_HEADER = YES;
				GCC_PREFIX_HEADER = "MediumRectangleAds/MediumRectangleAds-Prefix.pch";
				INFOPLIST_FILE = "MediumRectangleAds/MediumRectangleAds-Info.plist";
				IPHONEOS_DEPLOYMENT_TARGET = 6.0;
				PRODUCT_NAME = "$(TARGET_NAME)";
				WRAPPER_EXTENSION = app;
			};
			name = Release;
		};
		760BDA8A18ABDB6100629875 /* Debug */ = {
			isa = XCBuildConfiguration;
			buildSettings = {
				ARCHS = "$(ARCHS_STANDARD_INCLUDING_64_BIT)";
				BUNDLE_LOADER = "$(BUILT_PRODUCTS_DIR)/MediumRectangleAds.app/MediumRectangleAds";
				FRAMEWORK_SEARCH_PATHS = (
					"$(SDKROOT)/Developer/Library/Frameworks",
					"$(inherited)",
					"$(DEVELOPER_FRAMEWORKS_DIR)",
				);
				GCC_PRECOMPILE_PREFIX_HEADER = YES;
				GCC_PREFIX_HEADER = "MediumRectangleAds/MediumRectangleAds-Prefix.pch";
				GCC_PREPROCESSOR_DEFINITIONS = (
					"DEBUG=1",
					"$(inherited)",
				);
				INFOPLIST_FILE = "MediumRectangleAdsTests/MediumRectangleAdsTests-Info.plist";
				PRODUCT_NAME = "$(TARGET_NAME)";
				TEST_HOST = "$(BUNDLE_LOADER)";
				WRAPPER_EXTENSION = xctest;
			};
			name = Debug;
		};
		760BDA8B18ABDB6100629875 /* Release */ = {
			isa = XCBuildConfiguration;
			buildSettings = {
				ARCHS = "$(ARCHS_STANDARD_INCLUDING_64_BIT)";
				BUNDLE_LOADER = "$(BUILT_PRODUCTS_DIR)/MediumRectangleAds.app/MediumRectangleAds";
				FRAMEWORK_SEARCH_PATHS = (
					"$(SDKROOT)/Developer/Library/Frameworks",
					"$(inherited)",
					"$(DEVELOPER_FRAMEWORKS_DIR)",
				);
				GCC_PRECOMPILE_PREFIX_HEADER = YES;
				GCC_PREFIX_HEADER = "MediumRectangleAds/MediumRectangleAds-Prefix.pch";
				INFOPLIST_FILE = "MediumRectangleAdsTests/MediumRectangleAdsTests-Info.plist";
				PRODUCT_NAME = "$(TARGET_NAME)";
				TEST_HOST = "$(BUNDLE_LOADER)";
				WRAPPER_EXTENSION = xctest;
			};
			name = Release;
		};
/* End XCBuildConfiguration section */

/* Begin XCConfigurationList section */
		760BDA4F18ABDB6100629875 /* Build configuration list for PBXProject "MediumRectangleAds" */ = {
			isa = XCConfigurationList;
			buildConfigurations = (
				760BDA8418ABDB6100629875 /* Debug */,
				760BDA8518ABDB6100629875 /* Release */,
			);
			defaultConfigurationIsVisible = 0;
			defaultConfigurationName = Release;
		};
		760BDA8618ABDB6100629875 /* Build configuration list for PBXNativeTarget "MediumRectangleAds" */ = {
			isa = XCConfigurationList;
			buildConfigurations = (
				760BDA8718ABDB6100629875 /* Debug */,
				760BDA8818ABDB6100629875 /* Release */,
			);
			defaultConfigurationIsVisible = 0;
			defaultConfigurationName = Release;
		};
		760BDA8918ABDB6100629875 /* Build configuration list for PBXNativeTarget "MediumRectangleAdsTests" */ = {
			isa = XCConfigurationList;
			buildConfigurations = (
				760BDA8A18ABDB6100629875 /* Debug */,
				760BDA8B18ABDB6100629875 /* Release */,
			);
			defaultConfigurationIsVisible = 0;
			defaultConfigurationName = Release;
		};
/* End XCConfigurationList section */
	};
	rootObject = 760BDA4C18ABDB6100629875 /* Project object */;
}
